
Microsoft Visual Studio Solution File, Format Version 12.00
# Visual Studio Version 17
VisualStudioVersion = 17.1.32120.378
MinimumVisualStudioVersion = 10.0.40219.1
Project("{FAE04EC0-301F-11D3-BF4B-00C04F79EFBC}") = "WebTestCustomLog", "WebTestCustomLog\WebTestCustomLog.csproj", "{F6A91CC3-D69B-42F0-95E9-47BA497A39EF}"
EndProject
Global
	GlobalSection(SolutionConfigurationPlatforms) = preSolution
		Debug|Any CPU = Debug|Any CPU
		Release|Any CPU = Release|Any CPU
	EndGlobalSection
	GlobalSection(ProjectConfigurationPlatforms) = postSolution
		{F6A91CC3-D69B-42F0-95E9-47BA497A39EF}.Debug|Any CPU.ActiveCfg = Debug|Any CPU
		{F6A91CC3-D69B-42F0-95E9-47BA497A39EF}.Debug|Any CPU.Build.0 = Debug|Any CPU
		{F6A91CC3-D69B-42F0-95E9-47BA497A39EF}.Release|Any CPU.ActiveCfg = Release|Any CPU
		{F6A91CC3-D69B-42F0-95E9-47BA497A39EF}.Release|Any CPU.Build.0 = Release|Any CPU
	EndGlobalSection
	GlobalSection(SolutionProperties) = preSolution
		HideSolutionNode = FALSE
	EndGlobalSection
	GlobalSection(ExtensibilityGlobals) = postSolution
		SolutionGuid = {22AC01C2-7723-48D7-81E0-22026954B734}
	EndGlobalSection
EndGlobal
